# THIS IS AN AUTOGENERATED FILE. DO NOT EDIT THIS FILE DIRECTLY.
# yarn lockfile v1


"@asamuzakjp/css-color@^7.0.0":
  version "7.1.2"
  resolved "https://registry.yarnpkg.com/@asamuzakjp/css-color/-/css-color-7.1.2.tgz#940f4936061633c33b78aa5703c7dfd6e0ae0b86"
  dependencies:
    "@csstools/css-calc" "^3.4.1"
    "@csstools/css-color-parser" "^4.2.4"
    "@csstools/css-parser-algorithms" "^4.0.1"
    "@csstools/css-tokenizer" "^4.0.2"
    lru-cache "^11.5.3"

"@asamuzakjp/dom-selector@^9.2.1":
  version "9.2.2"
  resolved "https://registry.yarnpkg.com/@asamuzakjp/dom-selector/-/dom-selector-9.2.2.tgz#0a21e22e0ca1646a667055db64d172b9b59fc989"
  dependencies:
    bidi-js "^1.1.0"
    css-tree "^3.2.1"
    is-potential-custom-element-name "^1.0.1"
    lru-cache "^11.5.3"

"@bramus/specificity@^2.4.2":
  version "2.4.2"
  resolved "https://registry.yarnpkg.com/@bramus/specificity/-/specificity-2.4.2.tgz#aa8db8eb173fdee7324f82284833106adeecc648"
  dependencies:
    css-tree "^3.0.0"

"@csstools/color-helpers@^6.1.2":
  version "6.1.2"
  resolved "https://registry.yarnpkg.com/@csstools/color-helpers/-/color-helpers-6.1.2.tgz#41d1c66d9e5885a750d6512c786b3c45d5de3034"

"@csstools/css-calc@^3.4.1", "@csstools/css-calc@^3.4.2":
  version "3.4.2"
  resolved "https://registry.yarnpkg.com/@csstools/css-calc/-/css-calc-3.4.2.tgz#2c6ec8688a4e3eee02a1c55a20a0b582e3960677"

"@csstools/css-color-parser@^4.2.4":
  version "4.2.5"
  resolved "https://registry.yarnpkg.com/@csstools/css-color-parser/-/css-color-parser-4.2.5.tgz#b48acc939856fd3d0e4a7e703c853ecb6efea2cd"
  dependencies:
    "@csstools/color-helpers" "^6.1.2"
    "@csstools/css-calc" "^3.4.2"

"@csstools/css-parser-algorithms@^4.0.1":
  version "4.0.2"
  resolved "https://registry.yarnpkg.com/@csstools/css-parser-algorithms/-/css-parser-algorithms-4.0.2.tgz#689445621dae9f2114db2bee2190d3b4513a2d3c"

"@csstools/css-syntax-patches-for-csstree@^1.1.13":
  version "1.1.15"
  resolved "https://registry.yarnpkg.com/@csstools/css-syntax-patches-for-csstree/-/css-syntax-patches-for-csstree-1.1.15.tgz#2255da5042c77e6ba3faf1995188404b6fc22361"

"@csstools/css-tokenizer@^4.0.2":
  version "4.0.2"
  resolved "https://registry.yarnpkg.com/@csstools/css-tokenizer/-/css-tokenizer-4.0.2.tgz#7c11bbc7e2912a7def676d72ba6e00895aadc0d5"

"@exodus/bytes@^1.11.0", "@exodus/bytes@^1.15.1":
  version "1.15.1"
  resolved "https://registry.yarnpkg.com/@exodus/bytes/-/bytes-1.15.1.tgz#b13bc464ca162c17abf0837fb3a11aeab79e45d1"

bidi-js@^1.1.0:
  version "1.1.0"
  resolved "https://registry.yarnpkg.com/bidi-js/-/bidi-js-1.1.0.tgz#c92efafe3fce3b9fdd30ba67bdddf0dd4d424af7"
  dependencies:
    require-from-string "^2.0.2"

css-tree@^3.0.0, css-tree@^3.2.1:
  version "3.2.1"
  resolved "https://registry.yarnpkg.com/css-tree/-/css-tree-3.2.1.tgz#86cac7011561272b30e6b1e042ba6ce047aa7518"
  dependencies:
    mdn-data "2.27.1"
    source-map-js "^1.2.1"

data-urls@^7.0.0:
  version "7.0.0"
  resolved "https://registry.yarnpkg.com/data-urls/-/data-urls-7.0.0.tgz#6dce8b63226a1ecfdd907ce18a8ccfb1eee506d3"
  dependencies:
    whatwg-mimetype "^5.0.0"
    whatwg-url "^16.0.0"

decimal.js@^10.6.0:
  version "10.6.0"
  resolved "https://registry.yarnpkg.com/decimal.js/-/decimal.js-10.6.0.tgz#e649a43e3ab953a72192ff5983865e509f37ed9a"

entities@^8.0.0:
  version "8.0.0"
  resolved "https://registry.yarnpkg.com/entities/-/entities-8.0.0.tgz#c1df5fe3602429747fa233d0dd26f142f0ce4743"

html-encoding-sniffer@^7.0.0:
  version "7.0.0"
  resolved "https://registry.yarnpkg.com/html-encoding-sniffer/-/html-encoding-sniffer-7.0.0.tgz#cf995009e50fa6f90d74906ab5137f8ee9b7c9d8"
  dependencies:
    "@exodus/bytes" "^1.15.1"

is-potential-custom-element-name@^1.0.1:
  version "1.0.1"
  resolved "https://registry.npmjs.org/is-potential-custom-element-name/-/is-potential-custom-element-name-1.0.1.tgz"

jsdom@^30.1.1:
  version "30.1.1"
  resolved "https://registry.yarnpkg.com/jsdom/-/jsdom-30.1.1.tgz#cf8b82ce71ac29a0bf1ab219a6d2894bce62dbdb"
  dependencies:
    "@asamuzakjp/css-color" "^7.0.0"
    "@asamuzakjp/dom-selector" "^9.2.1"
    "@bramus/specificity" "^2.4.2"
    "@csstools/css-syntax-patches-for-csstree" "^1.1.13"
    "@exodus/bytes" "^1.15.1"
    css-tree "^3.2.1"
    data-urls "^7.0.0"
    decimal.js "^10.6.0"
    html-encoding-sniffer "^7.0.0"
    is-potential-custom-element-name "^1.0.1"
    lru-cache "^11.5.2"
    parse5 "^8.0.1"
    saxes "^6.0.0"
    tough-cookie "^6.0.2"
    undici "^8.10.2"
    w3c-xmlserializer "^6.0.0"
    webidl-conversions "^8.0.1"
    whatwg-mimetype "^5.0.0"
    whatwg-url "^17.1.1"
    xml-name-validator "^5.0.0"

lru-cache@^11.5.2, lru-cache@^11.5.3:
  version "11.5.3"
  resolved "https://registry.yarnpkg.com/lru-cache/-/lru-cache-11.5.3.tgz#a7767b4034e35269562d2b9da2b185b5df70c421"

mdn-data@2.27.1:
  version "2.27.1"
  resolved "https://registry.yarnpkg.com/mdn-data/-/mdn-data-2.27.1.tgz#e37b9c50880b75366c4d40ac63d9bbcacdb61f0e"

parse5@^8.0.1:
  version "8.0.1"
  resolved "https://registry.yarnpkg.com/parse5/-/parse5-8.0.1.tgz#f43bcd2cd683efe084075333e9ce0da7d06da31e"
  dependencies:
    entities "^8.0.0"

punycode@^2.3.1:
  version "2.3.1"
  resolved "https://registry.yarnpkg.com/punycode/-/punycode-2.3.1.tgz#027422e2faec0b25e1549c3e1bd8309b9133b6e5"

require-from-string@^2.0.2:
  version "2.0.2"
  resolved "https://registry.yarnpkg.com/require-from-string/-/require-from-string-2.0.2.tgz#89a7fdd938261267318eafe14f9c32e598c36909"

saxes@^6.0.0:
  version "6.0.0"
  resolved "https://registry.yarnpkg.com/saxes/-/saxes-6.0.0.tgz#fe5b4a4768df4f14a201b1ba6a65c1f3d9988cc5"
  dependencies:
    xmlchars "^2.2.0"

source-map-js@^1.2.1:
  version "1.2.1"
  resolved "https://registry.yarnpkg.com/source-map-js/-/source-map-js-1.2.1.tgz#1ce5650fddd87abc099eda37dcff024c2667ae46"

tldts-core@^7.0.17:
  version "7.0.17"
  resolved "https://registry.yarnpkg.com/tldts-core/-/tldts-core-7.0.17.tgz#dadfee3750dd272ed219d7367beb7cbb2ff29eb8"

tldts@^7.0.5:
  version "7.0.17"
  resolved "https://registry.yarnpkg.com/tldts/-/tldts-7.0.17.tgz#a6cdc067b9e80ea05f3be471c0ea410688cc78b2"
  dependencies:
    tldts-core "^7.0.17"

tough-cookie@^6.0.2:
  version "6.0.2"
  resolved "https://registry.yarnpkg.com/tough-cookie/-/tough-cookie-6.0.2.tgz#7b1f22fcf2daf06c4ff9d53ec1845f44c6627062"
  dependencies:
    tldts "^7.0.5"

tr46@^6.0.0:
  version "6.0.0"
  resolved "https://registry.yarnpkg.com/tr46/-/tr46-6.0.0.tgz#f5a1ae546a0adb32a277a2278d0d17fa2f9093e6"
  dependencies:
    punycode "^2.3.1"

undici@^8.10.2:
  version "8.11.2"
  resolved "https://registry.yarnpkg.com/undici/-/undici-8.11.2.tgz#b8f6f6504384ae535c8e46f8403fd8075f011d46"

w3c-xmlserializer@^6.0.0:
  version "6.0.0"
  resolved "https://registry.yarnpkg.com/w3c-xmlserializer/-/w3c-xmlserializer-6.0.0.tgz#27c0747e0091ada8cdb513c3645362e71fc50d82"
  dependencies:
    xml-name-validator "^5.0.0"

webidl-conversions@^8.0.1:
  version "8.0.1"
  resolved "https://registry.yarnpkg.com/webidl-conversions/-/webidl-conversions-8.0.1.tgz#0657e571fe6f06fcb15ca50ed1fdbcb495cd1686"

whatwg-mimetype@^5.0.0:
  version "5.0.0"
  resolved "https://registry.yarnpkg.com/whatwg-mimetype/-/whatwg-mimetype-5.0.0.tgz#d8232895dbd527ceaee74efd4162008fb8a8cf48"

whatwg-url@^16.0.0:
  version "16.0.1"
  resolved "https://registry.yarnpkg.com/whatwg-url/-/whatwg-url-16.0.1.tgz#047f7f4bd36ef76b7198c172d1b1cebc66f764dd"
  dependencies:
    "@exodus/bytes" "^1.11.0"
    tr46 "^6.0.0"
    webidl-conversions "^8.0.1"

whatwg-url@^17.1.1:
  version "17.1.2"
  resolved "https://registry.yarnpkg.com/whatwg-url/-/whatwg-url-17.1.2.tgz#6b16cae400ac045d5d672af39e78b1c28e424947"
  dependencies:
    "@exodus/bytes" "^1.15.1"
    tr46 "^6.0.0"
    webidl-conversions "^8.0.1"

xml-name-validator@^5.0.0:
  version "5.0.0"
  resolved "https://registry.yarnpkg.com/xml-name-validator/-/xml-name-validator-5.0.0.tgz#82be9b957f7afdacf961e5980f1bf227c0bf7673"

xmlchars@^2.2.0:
  version "2.2.0"
  resolved "https://registry.npmjs.org/xmlchars/-/xmlchars-2.2.0.tgz"
