# THIS IS AN AUTOGENERATED FILE. DO NOT EDIT THIS FILE DIRECTLY.
# yarn lockfile v1


"@asamuzakjp/css-color@^5.0.1":
  version "5.1.1"
  resolved "https://registry.yarnpkg.com/@asamuzakjp/css-color/-/css-color-5.1.1.tgz#518b7dc62c1789408110ce37fc99ce4abb117868"
  dependencies:
    "@csstools/css-calc" "^3.1.1"
    "@csstools/css-color-parser" "^4.0.2"
    "@csstools/css-parser-algorithms" "^4.0.0"
    "@csstools/css-tokenizer" "^4.0.0"
    lru-cache "^11.2.7"

"@asamuzakjp/dom-selector@^7.0.3":
  version "7.0.4"
  resolved "https://registry.yarnpkg.com/@asamuzakjp/dom-selector/-/dom-selector-7.0.4.tgz#744ad572c70b00cc8e92e76d539b14afb7bd99b1"
  dependencies:
    "@asamuzakjp/nwsapi" "^2.3.9"
    bidi-js "^1.0.3"
    css-tree "^3.2.1"
    is-potential-custom-element-name "^1.0.1"
    lru-cache "^11.2.7"

"@asamuzakjp/nwsapi@^2.3.9":
  version "2.3.9"
  resolved "https://registry.yarnpkg.com/@asamuzakjp/nwsapi/-/nwsapi-2.3.9.tgz#ad5549322dfe9d153d4b4dd6f7ff2ae234b06e24"

"@bramus/specificity@^2.4.2":
  version "2.4.2"
  resolved "https://registry.yarnpkg.com/@bramus/specificity/-/specificity-2.4.2.tgz#aa8db8eb173fdee7324f82284833106adeecc648"
  dependencies:
    css-tree "^3.0.0"

"@csstools/color-helpers@^6.0.2":
  version "6.0.2"
  resolved "https://registry.yarnpkg.com/@csstools/color-helpers/-/color-helpers-6.0.2.tgz#82c59fd30649cf0b4d3c82160489748666e6550b"

"@csstools/css-calc@^3.1.1":
  version "3.1.1"
  resolved "https://registry.yarnpkg.com/@csstools/css-calc/-/css-calc-3.1.1.tgz#78b494996dac41a02797dcca18ac3b46d25b3fd7"

"@csstools/css-color-parser@^4.0.2":
  version "4.0.2"
  resolved "https://registry.yarnpkg.com/@csstools/css-color-parser/-/css-color-parser-4.0.2.tgz#c27e03a3770d0352db92d668d6dde427a37859e5"
  dependencies:
    "@csstools/color-helpers" "^6.0.2"
    "@csstools/css-calc" "^3.1.1"

"@csstools/css-parser-algorithms@^4.0.0":
  version "4.0.0"
  resolved "https://registry.yarnpkg.com/@csstools/css-parser-algorithms/-/css-parser-algorithms-4.0.0.tgz#e1c65dc09378b42f26a111fca7f7075fc2c26164"

"@csstools/css-syntax-patches-for-csstree@^1.1.1":
  version "1.1.2"
  resolved "https://registry.yarnpkg.com/@csstools/css-syntax-patches-for-csstree/-/css-syntax-patches-for-csstree-1.1.2.tgz#bef07c507732a052b662302e7cb4e9fdf522af90"

"@csstools/css-tokenizer@^4.0.0":
  version "4.0.0"
  resolved "https://registry.yarnpkg.com/@csstools/css-tokenizer/-/css-tokenizer-4.0.0.tgz#798a33950d11226a0ebb6acafa60f5594424967f"

"@exodus/bytes@^1.11.0", "@exodus/bytes@^1.15.0", "@exodus/bytes@^1.6.0":
  version "1.15.0"
  resolved "https://registry.yarnpkg.com/@exodus/bytes/-/bytes-1.15.0.tgz#54479e0f406cbad024d6fe1c3190ecca4468df3b"

bidi-js@^1.0.3:
  version "1.0.3"
  resolved "https://registry.yarnpkg.com/bidi-js/-/bidi-js-1.0.3.tgz#6f8bcf3c877c4d9220ddf49b9bb6930c88f877d2"
  dependencies:
    require-from-string "^2.0.2"

css-tree@^3.0.0, css-tree@^3.2.1:
  version "3.2.1"
  resolved "https://registry.yarnpkg.com/css-tree/-/css-tree-3.2.1.tgz#86cac7011561272b30e6b1e042ba6ce047aa7518"
  dependencies:
    mdn-data "2.27.1"
    source-map-js "^1.2.1"

data-urls@^7.0.0:
  version "7.0.0"
  resolved "https://registry.yarnpkg.com/data-urls/-/data-urls-7.0.0.tgz#6dce8b63226a1ecfdd907ce18a8ccfb1eee506d3"
  dependencies:
    whatwg-mimetype "^5.0.0"
    whatwg-url "^16.0.0"

decimal.js@^10.6.0:
  version "10.6.0"
  resolved "https://registry.yarnpkg.com/decimal.js/-/decimal.js-10.6.0.tgz#e649a43e3ab953a72192ff5983865e509f37ed9a"

entities@^6.0.0:
  version "6.0.1"
  resolved "https://registry.yarnpkg.com/entities/-/entities-6.0.1.tgz#c28c34a43379ca7f61d074130b2f5f7020a30694"

html-encoding-sniffer@^6.0.0:
  version "6.0.0"
  resolved "https://registry.yarnpkg.com/html-encoding-sniffer/-/html-encoding-sniffer-6.0.0.tgz#f8d9390b3b348b50d4f61c16dd2ef5c05980a882"
  dependencies:
    "@exodus/bytes" "^1.6.0"

is-potential-custom-element-name@^1.0.1:
  version "1.0.1"
  resolved "https://registry.npmjs.org/is-potential-custom-element-name/-/is-potential-custom-element-name-1.0.1.tgz"

jsdom@^29.0.1:
  version "29.0.1"
  resolved "https://registry.yarnpkg.com/jsdom/-/jsdom-29.0.1.tgz#b2db17191533dd5ba1e0d4c61fe9fa2289e87be9"
  dependencies:
    "@asamuzakjp/css-color" "^5.0.1"
    "@asamuzakjp/dom-selector" "^7.0.3"
    "@bramus/specificity" "^2.4.2"
    "@csstools/css-syntax-patches-for-csstree" "^1.1.1"
    "@exodus/bytes" "^1.15.0"
    css-tree "^3.2.1"
    data-urls "^7.0.0"
    decimal.js "^10.6.0"
    html-encoding-sniffer "^6.0.0"
    is-potential-custom-element-name "^1.0.1"
    lru-cache "^11.2.7"
    parse5 "^8.0.0"
    saxes "^6.0.0"
    symbol-tree "^3.2.4"
    tough-cookie "^6.0.1"
    undici "^7.24.5"
    w3c-xmlserializer "^5.0.0"
    webidl-conversions "^8.0.1"
    whatwg-mimetype "^5.0.0"
    whatwg-url "^16.0.1"
    xml-name-validator "^5.0.0"

lru-cache@^11.2.7:
  version "11.2.7"
  resolved "https://registry.yarnpkg.com/lru-cache/-/lru-cache-11.2.7.tgz#9127402617f34cd6767b96daee98c28e74458d35"

mdn-data@2.27.1:
  version "2.27.1"
  resolved "https://registry.yarnpkg.com/mdn-data/-/mdn-data-2.27.1.tgz#e37b9c50880b75366c4d40ac63d9bbcacdb61f0e"

parse5@^8.0.0:
  version "8.0.0"
  resolved "https://registry.yarnpkg.com/parse5/-/parse5-8.0.0.tgz#aceb267f6b15f9b6e6ba9e35bfdd481fc2167b12"
  dependencies:
    entities "^6.0.0"

punycode@^2.3.1:
  version "2.3.1"
  resolved "https://registry.yarnpkg.com/punycode/-/punycode-2.3.1.tgz#027422e2faec0b25e1549c3e1bd8309b9133b6e5"

require-from-string@^2.0.2:
  version "2.0.2"
  resolved "https://registry.yarnpkg.com/require-from-string/-/require-from-string-2.0.2.tgz#89a7fdd938261267318eafe14f9c32e598c36909"

saxes@^6.0.0:
  version "6.0.0"
  resolved "https://registry.yarnpkg.com/saxes/-/saxes-6.0.0.tgz#fe5b4a4768df4f14a201b1ba6a65c1f3d9988cc5"
  dependencies:
    xmlchars "^2.2.0"

source-map-js@^1.2.1:
  version "1.2.1"
  resolved "https://registry.yarnpkg.com/source-map-js/-/source-map-js-1.2.1.tgz#1ce5650fddd87abc099eda37dcff024c2667ae46"

symbol-tree@^3.2.4:
  version "3.2.4"
  resolved "https://registry.npmjs.org/symbol-tree/-/symbol-tree-3.2.4.tgz"

tldts-core@^7.0.17:
  version "7.0.17"
  resolved "https://registry.yarnpkg.com/tldts-core/-/tldts-core-7.0.17.tgz#dadfee3750dd272ed219d7367beb7cbb2ff29eb8"

tldts@^7.0.5:
  version "7.0.17"
  resolved "https://registry.yarnpkg.com/tldts/-/tldts-7.0.17.tgz#a6cdc067b9e80ea05f3be471c0ea410688cc78b2"
  dependencies:
    tldts-core "^7.0.17"

tough-cookie@^6.0.1:
  version "6.0.1"
  resolved "https://registry.yarnpkg.com/tough-cookie/-/tough-cookie-6.0.1.tgz#a495f833836609ed983c19bc65639cfbceb54c76"
  dependencies:
    tldts "^7.0.5"

tr46@^6.0.0:
  version "6.0.0"
  resolved "https://registry.yarnpkg.com/tr46/-/tr46-6.0.0.tgz#f5a1ae546a0adb32a277a2278d0d17fa2f9093e6"
  dependencies:
    punycode "^2.3.1"

undici@^7.24.5:
  version "7.24.6"
  resolved "https://registry.yarnpkg.com/undici/-/undici-7.24.6.tgz#b7e977e1bab53d0aab3fa5722fc1efff093aa5e9"

w3c-xmlserializer@^5.0.0:
  version "5.0.0"
  resolved "https://registry.yarnpkg.com/w3c-xmlserializer/-/w3c-xmlserializer-5.0.0.tgz#f925ba26855158594d907313cedd1476c5967f6c"
  dependencies:
    xml-name-validator "^5.0.0"

webidl-conversions@^8.0.1:
  version "8.0.1"
  resolved "https://registry.yarnpkg.com/webidl-conversions/-/webidl-conversions-8.0.1.tgz#0657e571fe6f06fcb15ca50ed1fdbcb495cd1686"

whatwg-mimetype@^5.0.0:
  version "5.0.0"
  resolved "https://registry.yarnpkg.com/whatwg-mimetype/-/whatwg-mimetype-5.0.0.tgz#d8232895dbd527ceaee74efd4162008fb8a8cf48"

whatwg-url@^16.0.0, whatwg-url@^16.0.1:
  version "16.0.1"
  resolved "https://registry.yarnpkg.com/whatwg-url/-/whatwg-url-16.0.1.tgz#047f7f4bd36ef76b7198c172d1b1cebc66f764dd"
  dependencies:
    "@exodus/bytes" "^1.11.0"
    tr46 "^6.0.0"
    webidl-conversions "^8.0.1"

xml-name-validator@^5.0.0:
  version "5.0.0"
  resolved "https://registry.yarnpkg.com/xml-name-validator/-/xml-name-validator-5.0.0.tgz#82be9b957f7afdacf961e5980f1bf227c0bf7673"

xmlchars@^2.2.0:
  version "2.2.0"
  resolved "https://registry.npmjs.org/xmlchars/-/xmlchars-2.2.0.tgz"
